{
  "name": "toss",
  "version": "0.1.0",
  "lockfileVersion": 3,
  "requires": true,
  "packages": {
    "": {
      "name": "toss",
      "version": "0.1.0",
      "devDependencies": {
        "@playwright/test": "^1.58.0",
        "elm": "0.19.2-0",
        "terser": "^5.43.1"
      }
    },
    "node_modules/@elm_binaries/darwin_arm64": {
      "version": "0.19.2-0",
      "resolved": "https://registry.npmjs.org/@elm_binaries/darwin_arm64/-/darwin_arm64-0.19.2-0.tgz",
      "integrity": "sha512-vhgvWAgc+jkB/oSCqI0BK1w908ivNbV6OBWIGtJgbzAXFh6RYLcGdE04+X6CTLgj+u5ufl81lsnMG6lWEMzbJg==",
      "cpu": [
        "arm64"
      ],
      "dev": true,
      "license": "BSD-3-Clause",
      "optional": true,
      "os": [
        "darwin"
      ]
    },
    "node_modules/@elm_binaries/darwin_x64": {
      "version": "0.19.2-0",
      "resolved": "https://registry.npmjs.org/@elm_binaries/darwin_x64/-/darwin_x64-0.19.2-0.tgz",
      "integrity": "sha512-CQub4GhTa9nOHkUpi4eVGy34mxhfQOpVteLWkgsFwSHxXathKzNaOR9W7nVHR1iKEMBNcYJpXS2MoQognOUMkA==",
      "cpu": [
        "x64"
      ],
      "dev": true,
      "license": "BSD-3-Clause",
      "optional": true,
      "os": [
        "darwin"
      ]
    },
    "node_modules/@elm_binaries/linux_arm64": {
      "version": "0.19.2-0",
      "resolved": "https://registry.npmjs.org/@elm_binaries/linux_arm64/-/linux_arm64-0.19.2-0.tgz",
      "integrity": "sha512-50LdOV2ddvgBqcgfVKC3yCKg3/3RQdkfE7Be5k7Zj2xYLALQolk3X2ualXUmXIbP6Zo1xYKymDAfa/M1PTF+dw==",
      "cpu": [
        "arm64"
      ],
      "dev": true,
      "license": "BSD-3-Clause",
      "optional": true,
      "os": [
        "linux"
      ]
    },
    "node_modules/@elm_binaries/linux_x64": {
      "version": "0.19.2-0",
      "resolved": "https://registry.npmjs.org/@elm_binaries/linux_x64/-/linux_x64-0.19.2-0.tgz",
      "integrity": "sha512-03EXHZZBCEFcKKh2kKUGPsFysKXnHANYw2XubBwT3Vj/5uOI/doG0g8kij5ng8n50vma/pNwAWqvVQLSRDmPMA==",
      "cpu": [
        "x64"
      ],
      "dev": true,
      "license": "BSD-3-Clause",
      "optional": true,
      "os": [
        "linux"
      ]
    },
    "node_modules/@elm_binaries/win32_x64": {
      "version": "0.19.2-0",
      "resolved": "https://registry.npmjs.org/@elm_binaries/win32_x64/-/win32_x64-0.19.2-0.tgz",
      "integrity": "sha512-FCzv6KAlo/L2/FZe3rsIH5dgFfljlgKWpMUDxVgNm1mFKep4TeFEnwRlSUh7hFnKCDVyjUL9oNL+x4OwYr3KWg==",
      "cpu": [
        "x64"
      ],
      "dev": true,
      "license": "BSD-3-Clause",
      "optional": true,
      "os": [
        "win32"
      ]
    },
    "node_modules/@jridgewell/gen-mapping": {
      "version": "0.3.13",
      "resolved": "https://registry.npmjs.org/@jridgewell/gen-mapping/-/gen-mapping-0.3.13.tgz",
      "integrity": "sha512-2kkt/7niJ6MgEPxF0bYdQ6etZaA+fQvDcLKckhy1yIQOzaoKjBBjSj63/aLVjYE3qhRt5dvM+uUyfCg6UKCBbA==",
      "dev": true,
      "license": "MIT",
      "dependencies": {
        "@jridgewell/sourcemap-codec": "^1.5.0",
        "@jridgewell/trace-mapping": "^0.3.24"
      }
    },
    "node_modules/@jridgewell/resolve-uri": {
      "version": "3.1.2",
      "resolved": "https://registry.npmjs.org/@jridgewell/resolve-uri/-/resolve-uri-3.1.2.tgz",
      "integrity": "sha512-bRISgCIjP20/tbWSPWMEi54QVPRZExkuD9lJL+UIxUKtwVJA8wW1Trb1jMs1RFXo1CBTNZ/5hpC9QvmKWdopKw==",
      "dev": true,
      "license": "MIT",
      "engines": {
        "node": ">=6.0.0"
      }
    },
    "node_modules/@jridgewell/source-map": {
      "version": "0.3.11",
      "resolved": "https://registry.npmjs.org/@jridgewell/source-map/-/source-map-0.3.11.tgz",
      "integrity": "sha512-ZMp1V8ZFcPG5dIWnQLr3NSI1MiCU7UETdS/A0G8V/XWHvJv3ZsFqutJn1Y5RPmAPX6F3BiE397OqveU/9NCuIA==",
      "dev": true,
      "license": "MIT",
      "dependencies": {
        "@jridgewell/gen-mapping": "^0.3.5",
        "@jridgewell/trace-mapping": "^0.3.25"
      }
    },
    "node_modules/@jridgewell/sourcemap-codec": {
      "version": "1.5.5",
      "resolved": "https://registry.npmjs.org/@jridgewell/sourcemap-codec/-/sourcemap-codec-1.5.5.tgz",
      "integrity": "sha512-cYQ9310grqxueWbl+WuIUIaiUaDcj7WOq5fVhEljNVgRfOUhY9fy2zTvfoqWsnebh8Sl70VScFbICvJnLKB0Og==",
      "dev": true,
      "license": "MIT"
    },
    "node_modules/@jridgewell/trace-mapping": {
      "version": "0.3.31",
      "resolved": "https://registry.npmjs.org/@jridgewell/trace-mapping/-/trace-mapping-0.3.31.tgz",
      "integrity": "sha512-zzNR+SdQSDJzc8joaeP8QQoCQr8NuYx2dIIytl1QeBEZHJ9uW6hebsrYgbz8hJwUQao3TWCMtmfV8Nu1twOLAw==",
      "dev": true,
      "license": "MIT",
      "dependencies": {
        "@jridgewell/resolve-uri": "^3.1.0",
        "@jridgewell/sourcemap-codec": "^1.4.14"
      }
    },
    "node_modules/@playwright/test": {
      "version": "1.62.1",
      "resolved": "https://registry.npmjs.org/@playwright/test/-/test-1.62.1.tgz",
      "integrity": "sha512-DTcUc8qii+cpHvtOwggMtBRMjKZHXYWdw8syRYu2vtzuq4Wxphqq4NfCs5Zt44L6mA8rfDfj+PHnxFc/FeK6mQ==",
      "dev": true,
      "license": "Apache-2.0",
      "dependencies": {
        "playwright": "1.62.1"
      },
      "bin": {
        "playwright": "cli.js"
      },
      "engines": {
        "node": ">=20"
      }
    },
    "node_modules/acorn": {
      "version": "8.18.0",
      "resolved": "https://registry.npmjs.org/acorn/-/acorn-8.18.0.tgz",
      "integrity": "sha512-lGq+9yr1/GuAWaVYIHRjvvySG5/4VfKIvC8EWxStPdcDh/Ka7FG3twP6v4d5BkravUilhIAsG4Qj83t02LWUPQ==",
      "dev": true,
      "license": "MIT",
      "bin": {
        "acorn": "bin/acorn"
      },
      "engines": {
        "node": ">=0.4.0"
      }
    },
    "node_modules/buffer-from": {
      "version": "1.1.2",
      "resolved": "https://registry.npmjs.org/buffer-from/-/buffer-from-1.1.2.tgz",
      "integrity": "sha512-E+XQCRwSbaaiChtv6k6Dwgc+bx+Bs6vuKJHHl5kox/BaKbhiXzqQOwK4cO22yElGp2OCmjwVhT3HmxgyPGnJfQ==",
      "dev": true,
      "license": "MIT"
    },
    "node_modules/commander": {
      "version": "2.20.3",
      "resolved": "https://registry.npmjs.org/commander/-/commander-2.20.3.tgz",
      "integrity": "sha512-GpVkmM8vF2vQUkj2LvZmD35JxeJOLCwJ9cUkugyk2nuhbv3+mJvpLYYt+0+USMxE+oj+ey/lJEnhZw75x/OMcQ==",
      "dev": true,
      "license": "MIT"
    },
    "node_modules/elm": {
      "version": "0.19.2-0",
      "resolved": "https://registry.npmjs.org/elm/-/elm-0.19.2-0.tgz",
      "integrity": "sha512-a2N4WJ6ge+cXOemAgo6tu8gN17cIzzitYoPcJRpvbiPbay1+BfQAv9wyWtgTyR3YkrduN5oQwzLgSIaUBZwjYQ==",
      "dev": true,
      "hasInstallScript": true,
      "license": "BSD-3-Clause",
      "bin": {
        "elm": "bin/elm"
      },
      "engines": {
        "node": ">=7.0.0"
      },
      "optionalDependencies": {
        "@elm_binaries/darwin_arm64": "0.19.2-0",
        "@elm_binaries/darwin_x64": "0.19.2-0",
        "@elm_binaries/linux_arm64": "0.19.2-0",
        "@elm_binaries/linux_x64": "0.19.2-0",
        "@elm_binaries/win32_x64": "0.19.2-0"
      }
    },
    "node_modules/fsevents": {
      "version": "2.3.2",
      "resolved": "https://registry.npmjs.org/fsevents/-/fsevents-2.3.2.tgz",
      "integrity": "sha512-xiqMQR4xAeHTuB9uWm+fFRcIOgKBMiOBP+eXiyT7jsgVCq1bkVygt00oASowB7EdtpOHaaPgKt812P9ab+DDKA==",
      "dev": true,
      "hasInstallScript": true,
      "license": "MIT",
      "optional": true,
      "os": [
        "darwin"
      ],
      "engines": {
        "node": "^8.16.0 || ^10.6.0 || >=11.0.0"
      }
    },
    "node_modules/playwright": {
      "version": "1.62.1",
      "resolved": "https://registry.npmjs.org/playwright/-/playwright-1.62.1.tgz",
      "integrity": "sha512-0M+L3LAD8/nm554LOla9Ayx0j0tmFZ0FBcoQ7F1VuVHpM/XpiC8RcDzBQB8W5+hA8L22THxELzeF+2WcUzvcLg==",
      "dev": true,
      "license": "Apache-2.0",
      "dependencies": {
        "playwright-core": "1.62.1"
      },
      "bin": {
        "playwright": "cli.js"
      },
      "engines": {
        "node": ">=20"
      },
      "optionalDependencies": {
        "fsevents": "2.3.2"
      }
    },
    "node_modules/playwright-core": {
      "version": "1.62.1",
      "resolved": "https://registry.npmjs.org/playwright-core/-/playwright-core-1.62.1.tgz",
      "integrity": "sha512-wPYSwEBJY9GHraISXqyqtx0na0LpO3XEX7jNDhntbex7tzUS7kLnZsOlFruFJB4Hi/rhDMjXGqHewDZ68nYZVw==",
      "dev": true,
      "license": "Apache-2.0",
      "bin": {
        "playwright-core": "cli.js"
      },
      "engines": {
        "node": ">=20"
      }
    },
    "node_modules/source-map": {
      "version": "0.6.1",
      "resolved": "https://registry.npmjs.org/source-map/-/source-map-0.6.1.tgz",
      "integrity": "sha512-UjgapumWlbMhkBgzT7Ykc5YXUT46F0iKu8SGXq0bcwP5dz/h0Plj6enJqjz1Zbq2l5WaqYnrVbwWOWMyF3F47g==",
      "dev": true,
      "license": "BSD-3-Clause",
      "engines": {
        "node": ">=0.10.0"
      }
    },
    "node_modules/source-map-support": {
      "version": "0.5.21",
      "resolved": "https://registry.npmjs.org/source-map-support/-/source-map-support-0.5.21.tgz",
      "integrity": "sha512-uBHU3L3czsIyYXKX88fdrGovxdSCoTGDRZ6SYXtSRxLZUzHg5P/66Ht6uoUlHu9EZod+inXhKo3qQgwXUT/y1w==",
      "dev": true,
      "license": "MIT",
      "dependencies": {
        "buffer-from": "^1.0.0",
        "source-map": "^0.6.0"
      }
    },
    "node_modules/terser": {
      "version": "5.50.0",
      "resolved": "https://registry.npmjs.org/terser/-/terser-5.50.0.tgz",
      "integrity": "sha512-CN9BVxWhgS/hRxtUMjtC2uRWSTcSfQFHMDWma6sKKfIivCD91sM+FOPfvwoaRMqCSrUpe1nv3jDamd9eEQ4y+w==",
      "dev": true,
      "license": "BSD-2-Clause",
      "dependencies": {
        "@jridgewell/source-map": "^0.3.3",
        "acorn": "^8.15.0",
        "commander": "^2.20.0",
        "source-map-support": "~0.5.20"
      },
      "bin": {
        "terser": "bin/terser"
      },
      "engines": {
        "node": ">=10"
      }
    }
  }
}
